
Microsoft Visual Studio Solution File, Format Version 12.00
# Visual Studio 15
VisualStudioVersion = 15.0.28010.2026
MinimumVisualStudioVersion = 10.0.40219.1
Project("{FAE04EC0-301F-11D3-BF4B-00C04F79EFBC}") = "ThriveWebApp", "ThriveWebApp\ThriveWebApp.csproj", "{BF2634F9-B705-4EC6-BDB1-D193568AAD59}"
EndProject
Global
	GlobalSection(SolutionConfigurationPlatforms) = preSolution
		Debug|Any CPU = Debug|Any CPU
		Release|Any CPU = Release|Any CPU
	EndGlobalSection
	GlobalSection(ProjectConfigurationPlatforms) = postSolution
		{BF2634F9-B705-4EC6-BDB1-D193568AAD59}.Debug|Any CPU.ActiveCfg = Debug|Any CPU
		{BF2634F9-B705-4EC6-BDB1-D193568AAD59}.Debug|Any CPU.Build.0 = Debug|Any CPU
		{BF2634F9-B705-4EC6-BDB1-D193568AAD59}.Release|Any CPU.ActiveCfg = Release|Any CPU
		{BF2634F9-B705-4EC6-BDB1-D193568AAD59}.Release|Any CPU.Build.0 = Release|Any CPU
	EndGlobalSection
	GlobalSection(SolutionProperties) = preSolution
		HideSolutionNode = FALSE
	EndGlobalSection
	GlobalSection(ExtensibilityGlobals) = postSolution
		SolutionGuid = {918BBF15-B3DD-409B-B37B-DFE8B7825B37}
	EndGlobalSection
EndGlobal
